
Microsoft Visual Studio Solution File, Format Version 11.00
# Visual Studio 2010
Project("{FAE04EC0-301F-11D3-BF4B-00C04F79EFBC}") = "3dtest1", "3dtest1\3dtest1.csproj", "{B7C21C23-E296-4E73-BD12-CFFC0ECD5EFA}"
EndProject
Project("{54435603-DBB4-11D2-8724-00A0C9A8B90C}") = "Setup1", "Setup1\Setup1.vdproj", "{68AE6E0E-7FEE-41A5-BA03-27EDF16E220B}"
EndProject
Global
	GlobalSection(SolutionConfigurationPlatforms) = preSolution
		Debug|x86 = Debug|x86
		Release|x86 = Release|x86
	EndGlobalSection
	GlobalSection(ProjectConfigurationPlatforms) = postSolution
		{B7C21C23-E296-4E73-BD12-CFFC0ECD5EFA}.Debug|x86.ActiveCfg = Debug|x86
		{B7C21C23-E296-4E73-BD12-CFFC0ECD5EFA}.Debug|x86.Build.0 = Debug|x86
		{B7C21C23-E296-4E73-BD12-CFFC0ECD5EFA}.Release|x86.ActiveCfg = Release|x86
		{B7C21C23-E296-4E73-BD12-CFFC0ECD5EFA}.Release|x86.Build.0 = Release|x86
		{68AE6E0E-7FEE-41A5-BA03-27EDF16E220B}.Debug|x86.ActiveCfg = Debug
		{68AE6E0E-7FEE-41A5-BA03-27EDF16E220B}.Release|x86.ActiveCfg = Release
	EndGlobalSection
	GlobalSection(SolutionProperties) = preSolution
		HideSolutionNode = FALSE
	EndGlobalSection
EndGlobal
